
Microsoft Visual Studio Solution File, Format Version 12.00
# Visual Studio 15
VisualStudioVersion = 15.0.28010.2016
MinimumVisualStudioVersion = 10.0.40219.1
Project("{FAE04EC0-301F-11D3-BF4B-00C04F79EFBC}") = "5-27-19hmwkButtonColorIncrement", "5-27-19hmwkButtonColorIncrement\5-27-19hmwkButtonColorIncrement.csproj", "{200D2DB7-7A5F-4820-82F6-76DC20335925}"
EndProject
Global
	GlobalSection(SolutionConfigurationPlatforms) = preSolution
		Debug|Any CPU = Debug|Any CPU
		Release|Any CPU = Release|Any CPU
	EndGlobalSection
	GlobalSection(ProjectConfigurationPlatforms) = postSolution
		{200D2DB7-7A5F-4820-82F6-76DC20335925}.Debug|Any CPU.ActiveCfg = Debug|Any CPU
		{200D2DB7-7A5F-4820-82F6-76DC20335925}.Debug|Any CPU.Build.0 = Debug|Any CPU
		{200D2DB7-7A5F-4820-82F6-76DC20335925}.Release|Any CPU.ActiveCfg = Release|Any CPU
		{200D2DB7-7A5F-4820-82F6-76DC20335925}.Release|Any CPU.Build.0 = Release|Any CPU
	EndGlobalSection
	GlobalSection(SolutionProperties) = preSolution
		HideSolutionNode = FALSE
	EndGlobalSection
	GlobalSection(ExtensibilityGlobals) = postSolution
		SolutionGuid = {D0969D40-AE59-41C3-804A-E6E8E51F18DC}
	EndGlobalSection
EndGlobal
